// !$*UTF8*$!
{
	archiveVersion = 1;
	classes = {
	};
	objectVersion = 56;
	objects = {

/* Begin PBXBuildFile section */
		D30719AF298F678200599551 /* PossibleGroupView.swift in Sources */ = {isa = PBXBuildFile; fileRef = D30719AE298F678200599551 /* PossibleGroupView.swift */; };
		D30FD7592980DB4400DCEF2A /* GroupView.swift in Sources */ = {isa = PBXBuildFile; fileRef = D30FD7582980DB4400DCEF2A /* GroupView.swift */; };
		D30FD75C2980EC1000DCEF2A /* WorkflowView.swift in Sources */ = {isa = PBXBuildFile; fileRef = D30FD75B2980EC1000DCEF2A /* WorkflowView.swift */; };
		D34246F8298E0A8600F881F1 /* StreamlinePanel.swift in Sources */ = {isa = PBXBuildFile; fileRef = D34246F7298E0A8600F881F1 /* StreamlinePanel.swift */; };
		D34246FA298E0C5D00F881F1 /* WorkflowsPanelView.swift in Sources */ = {isa = PBXBuildFile; fileRef = D34246F9298E0C5D00F881F1 /* WorkflowsPanelView.swift */; };
		D34246FD298E127700F881F1 /* KeyboardShortcuts in Frameworks */ = {isa = PBXBuildFile; productRef = D34246FC298E127700F881F1 /* KeyboardShortcuts */; };
		D34246FF298EF33C00F881F1 /* PanelResultsView.swift in Sources */ = {isa = PBXBuildFile; fileRef = D34246FE298EF33C00F881F1 /* PanelResultsView.swift */; };
		D383677D298633150030029E /* SettingsView.swift in Sources */ = {isa = PBXBuildFile; fileRef = D383677C298633150030029E /* SettingsView.swift */; };
		D38AD1D52978F61400168E90 /* StreamlineApp.swift in Sources */ = {isa = PBXBuildFile; fileRef = D38AD1D42978F61400168E90 /* StreamlineApp.swift */; };
		D38AD1D72978F61400168E90 /* ContentView.swift in Sources */ = {isa = PBXBuildFile; fileRef = D38AD1D62978F61400168E90 /* ContentView.swift */; };
		D38AD1D92978F61500168E90 /* Assets.xcassets in Resources */ = {isa = PBXBuildFile; fileRef = D38AD1D82978F61500168E90 /* Assets.xcassets */; };
		D38AD1DC2978F61500168E90 /* Preview Assets.xcassets in Resources */ = {isa = PBXBuildFile; fileRef = D38AD1DB2978F61500168E90 /* Preview Assets.xcassets */; };
		D38AD1E62978FE2500168E90 /* AppDelegate.swift in Sources */ = {isa = PBXBuildFile; fileRef = D38AD1E52978FE2500168E90 /* AppDelegate.swift */; };
		D3983FAB297BA05C00668CEB /* AppState.swift in Sources */ = {isa = PBXBuildFile; fileRef = D3983FAA297BA05C00668CEB /* AppState.swift */; };
		D3983FAF297BA20500668CEB /* NeedsAccessibilityPermissionsView.swift in Sources */ = {isa = PBXBuildFile; fileRef = D3983FAE297BA20500668CEB /* NeedsAccessibilityPermissionsView.swift */; };
		D3983FB3297BA2C900668CEB /* AppConstants.swift in Sources */ = {isa = PBXBuildFile; fileRef = D3983FB2297BA2C900668CEB /* AppConstants.swift */; };
		D3983FB5297BA4F600668CEB /* EventHandler.swift in Sources */ = {isa = PBXBuildFile; fileRef = D3983FB4297BA4F600668CEB /* EventHandler.swift */; };
		D3983FB7297BA88100668CEB /* Workflow.swift in Sources */ = {isa = PBXBuildFile; fileRef = D3983FB6297BA88100668CEB /* Workflow.swift */; };
		D3AFB43F298F02160025B6B6 /* PanelResultView.swift in Sources */ = {isa = PBXBuildFile; fileRef = D3AFB43E298F02160025B6B6 /* PanelResultView.swift */; };
		D3B186042985785B00ACFF33 /* StatePersistence.swift in Sources */ = {isa = PBXBuildFile; fileRef = D3B186032985785B00ACFF33 /* StatePersistence.swift */; };
		D3B1860629861B7300ACFF33 /* GroupExportImport.swift in Sources */ = {isa = PBXBuildFile; fileRef = D3B1860529861B7300ACFF33 /* GroupExportImport.swift */; };
		D3CCBEC2297E387600BEBC61 /* PreferencesController.swift in Sources */ = {isa = PBXBuildFile; fileRef = D3CCBEC1297E387600BEBC61 /* PreferencesController.swift */; };
		D3CCBEC4297E3BA100BEBC61 /* WorkflowGroup.swift in Sources */ = {isa = PBXBuildFile; fileRef = D3CCBEC3297E3BA100BEBC61 /* WorkflowGroup.swift */; };
		D3CCBEC9297E3FB100BEBC61 /* GroupsView.swift in Sources */ = {isa = PBXBuildFile; fileRef = D3CCBEC8297E3FB100BEBC61 /* GroupsView.swift */; };
		D3CCBED0297E44DF00BEBC61 /* WorkflowGroupsState.swift in Sources */ = {isa = PBXBuildFile; fileRef = D3CCBECF297E44DF00BEBC61 /* WorkflowGroupsState.swift */; };
		D3F7079C29823E0100FE2EA8 /* Credits.rtf in Resources */ = {isa = PBXBuildFile; fileRef = D3F7079B29823E0100FE2EA8 /* Credits.rtf */; };
/* End PBXBuildFile section */

/* Begin PBXFileReference section */
		D30719AE298F678200599551 /* PossibleGroupView.swift */ = {isa = PBXFileReference; lastKnownFileType = sourcecode.swift; path = PossibleGroupView.swift; sourceTree = "<group>"; };
		D30FD7582980DB4400DCEF2A /* GroupView.swift */ = {isa = PBXFileReference; lastKnownFileType = sourcecode.swift; path = GroupView.swift; sourceTree = "<group>"; };
		D30FD75B2980EC1000DCEF2A /* WorkflowView.swift */ = {isa = PBXFileReference; lastKnownFileType = sourcecode.swift; path = WorkflowView.swift; sourceTree = "<group>"; };
		D34246F7298E0A8600F881F1 /* StreamlinePanel.swift */ = {isa = PBXFileReference; lastKnownFileType = sourcecode.swift; path = StreamlinePanel.swift; sourceTree = "<group>"; };
		D34246F9298E0C5D00F881F1 /* WorkflowsPanelView.swift */ = {isa = PBXFileReference; lastKnownFileType = sourcecode.swift; path = WorkflowsPanelView.swift; sourceTree = "<group>"; };
		D34246FE298EF33C00F881F1 /* PanelResultsView.swift */ = {isa = PBXFileReference; lastKnownFileType = sourcecode.swift; path = PanelResultsView.swift; sourceTree = "<group>"; };
		D383677C298633150030029E /* SettingsView.swift */ = {isa = PBXFileReference; lastKnownFileType = sourcecode.swift; path = SettingsView.swift; sourceTree = "<group>"; };
		D38AD1D12978F61400168E90 /* Streamline.app */ = {isa = PBXFileReference; explicitFileType = wrapper.application; includeInIndex = 0; path = Streamline.app; sourceTree = BUILT_PRODUCTS_DIR; };
		D38AD1D42978F61400168E90 /* StreamlineApp.swift */ = {isa = PBXFileReference; lastKnownFileType = sourcecode.swift; path = StreamlineApp.swift; sourceTree = "<group>"; };
		D38AD1D62978F61400168E90 /* ContentView.swift */ = {isa = PBXFileReference; lastKnownFileType = sourcecode.swift; path = ContentView.swift; sourceTree = "<group>"; };
		D38AD1D82978F61500168E90 /* Assets.xcassets */ = {isa = PBXFileReference; lastKnownFileType = folder.assetcatalog; path = Assets.xcassets; sourceTree = "<group>"; };
		D38AD1DB2978F61500168E90 /* Preview Assets.xcassets */ = {isa = PBXFileReference; lastKnownFileType = folder.assetcatalog; path = "Preview Assets.xcassets"; sourceTree = "<group>"; };
		D38AD1DD2978F61500168E90 /* Streamline.entitlements */ = {isa = PBXFileReference; lastKnownFileType = text.plist.entitlements; path = Streamline.entitlements; sourceTree = "<group>"; };
		D38AD1E52978FE2500168E90 /* AppDelegate.swift */ = {isa = PBXFileReference; lastKnownFileType = sourcecode.swift; path = AppDelegate.swift; sourceTree = "<group>"; };
		D3983FAA297BA05C00668CEB /* AppState.swift */ = {isa = PBXFileReference; lastKnownFileType = sourcecode.swift; path = AppState.swift; sourceTree = "<group>"; };
		D3983FAE297BA20500668CEB /* NeedsAccessibilityPermissionsView.swift */ = {isa = PBXFileReference; lastKnownFileType = sourcecode.swift; path = NeedsAccessibilityPermissionsView.swift; sourceTree = "<group>"; };
		D3983FB2297BA2C900668CEB /* AppConstants.swift */ = {isa = PBXFileReference; lastKnownFileType = sourcecode.swift; path = AppConstants.swift; sourceTree = "<group>"; };
		D3983FB4297BA4F600668CEB /* EventHandler.swift */ = {isa = PBXFileReference; lastKnownFileType = sourcecode.swift; path = EventHandler.swift; sourceTree = "<group>"; };
		D3983FB6297BA88100668CEB /* Workflow.swift */ = {isa = PBXFileReference; lastKnownFileType = sourcecode.swift; path = Workflow.swift; sourceTree = "<group>"; };
		D3AFB43E298F02160025B6B6 /* PanelResultView.swift */ = {isa = PBXFileReference; lastKnownFileType = sourcecode.swift; path = PanelResultView.swift; sourceTree = "<group>"; };
		D3B186032985785B00ACFF33 /* StatePersistence.swift */ = {isa = PBXFileReference; lastKnownFileType = sourcecode.swift; path = StatePersistence.swift; sourceTree = "<group>"; };
		D3B1860529861B7300ACFF33 /* GroupExportImport.swift */ = {isa = PBXFileReference; lastKnownFileType = sourcecode.swift; path = GroupExportImport.swift; sourceTree = "<group>"; };
		D3B1860729861DF800ACFF33 /* Info.plist */ = {isa = PBXFileReference; lastKnownFileType = text.plist; path = Info.plist; sourceTree = "<group>"; };
		D3CCBEC1297E387600BEBC61 /* PreferencesController.swift */ = {isa = PBXFileReference; lastKnownFileType = sourcecode.swift; path = PreferencesController.swift; sourceTree = "<group>"; };
		D3CCBEC3297E3BA100BEBC61 /* WorkflowGroup.swift */ = {isa = PBXFileReference; lastKnownFileType = sourcecode.swift; path = WorkflowGroup.swift; sourceTree = "<group>"; };
		D3CCBEC8297E3FB100BEBC61 /* GroupsView.swift */ = {isa = PBXFileReference; lastKnownFileType = sourcecode.swift; path = GroupsView.swift; sourceTree = "<group>"; };
		D3CCBECF297E44DF00BEBC61 /* WorkflowGroupsState.swift */ = {isa = PBXFileReference; lastKnownFileType = sourcecode.swift; path = WorkflowGroupsState.swift; sourceTree = "<group>"; };
		D3F7079B29823E0100FE2EA8 /* Credits.rtf */ = {isa = PBXFileReference; lastKnownFileType = text.rtf; path = Credits.rtf; sourceTree = "<group>"; };
/* End PBXFileReference section */

/* Begin PBXFrameworksBuildPhase section */
		D38AD1CE2978F61400168E90 /* Frameworks */ = {
			isa = PBXFrameworksBuildPhase;
			buildActionMask = 2147483647;
			files = (
				D34246FD298E127700F881F1 /* KeyboardShortcuts in Frameworks */,
			);
			runOnlyForDeploymentPostprocessing = 0;
		};
/* End PBXFrameworksBuildPhase section */

/* Begin PBXGroup section */
		D30FD75A2980EBFC00DCEF2A /* Workflow */ = {
			isa = PBXGroup;
			children = (
				D30FD75B2980EC1000DCEF2A /* WorkflowView.swift */,
			);
			path = Workflow;
			sourceTree = "<group>";
		};
		D34246F6298E0A1400F881F1 /* WorkflowsPanel */ = {
			isa = PBXGroup;
			children = (
				D34246F7298E0A8600F881F1 /* StreamlinePanel.swift */,
				D34246F9298E0C5D00F881F1 /* WorkflowsPanelView.swift */,
				D34246FE298EF33C00F881F1 /* PanelResultsView.swift */,
				D3AFB43E298F02160025B6B6 /* PanelResultView.swift */,
			);
			path = WorkflowsPanel;
			sourceTree = "<group>";
		};
		D383677B298633020030029E /* Settings */ = {
			isa = PBXGroup;
			children = (
				D383677C298633150030029E /* SettingsView.swift */,
			);
			path = Settings;
			sourceTree = "<group>";
		};
		D38AD1C82978F61400168E90 = {
			isa = PBXGroup;
			children = (
				D38AD1D32978F61400168E90 /* Streamline */,
				D38AD1D22978F61400168E90 /* Products */,
			);
			sourceTree = "<group>";
		};
		D38AD1D22978F61400168E90 /* Products */ = {
			isa = PBXGroup;
			children = (
				D38AD1D12978F61400168E90 /* Streamline.app */,
			);
			name = Products;
			sourceTree = "<group>";
		};
		D38AD1D32978F61400168E90 /* Streamline */ = {
			isa = PBXGroup;
			children = (
				D3B1860729861DF800ACFF33 /* Info.plist */,
				D38AD1D42978F61400168E90 /* StreamlineApp.swift */,
				D38AD1E52978FE2500168E90 /* AppDelegate.swift */,
				D3983FB1297BA2B200668CEB /* Config */,
				D3983FB0297BA2A700668CEB /* AutomationEngine */,
				D3CCBECC297E44B700BEBC61 /* State */,
				D3983FAC297BA1DA00668CEB /* Views */,
				D3CCBEC0297E385900BEBC61 /* Preferences */,
				D38AD1D82978F61500168E90 /* Assets.xcassets */,
				D38AD1DD2978F61500168E90 /* Streamline.entitlements */,
				D38AD1DA2978F61500168E90 /* Preview Content */,
				D3F7079B29823E0100FE2EA8 /* Credits.rtf */,
			);
			path = Streamline;
			sourceTree = "<group>";
		};
		D38AD1DA2978F61500168E90 /* Preview Content */ = {
			isa = PBXGroup;
			children = (
				D38AD1DB2978F61500168E90 /* Preview Assets.xcassets */,
			);
			path = "Preview Content";
			sourceTree = "<group>";
		};
		D3983FAC297BA1DA00668CEB /* Views */ = {
			isa = PBXGroup;
			children = (
				D34246F6298E0A1400F881F1 /* WorkflowsPanel */,
				D3CCBECA297E43FB00BEBC61 /* Main */,
				D3CCBECB297E440400BEBC61 /* Errors */,
				D383677B298633020030029E /* Settings */,
				D3CCBEC5297E3F6A00BEBC61 /* WorkflowGroups */,
				D30FD75A2980EBFC00DCEF2A /* Workflow */,
			);
			path = Views;
			sourceTree = "<group>";
		};
		D3983FB0297BA2A700668CEB /* AutomationEngine */ = {
			isa = PBXGroup;
			children = (
				D3983FB4297BA4F600668CEB /* EventHandler.swift */,
				D3983FB6297BA88100668CEB /* Workflow.swift */,
				D3CCBEC3297E3BA100BEBC61 /* WorkflowGroup.swift */,
			);
			path = AutomationEngine;
			sourceTree = "<group>";
		};
		D3983FB1297BA2B200668CEB /* Config */ = {
			isa = PBXGroup;
			children = (
				D3983FB2297BA2C900668CEB /* AppConstants.swift */,
			);
			path = Config;
			sourceTree = "<group>";
		};
		D3CCBEC0297E385900BEBC61 /* Preferences */ = {
			isa = PBXGroup;
			children = (
				D3CCBEC1297E387600BEBC61 /* PreferencesController.swift */,
			);
			path = Preferences;
			sourceTree = "<group>";
		};
		D3CCBEC5297E3F6A00BEBC61 /* WorkflowGroups */ = {
			isa = PBXGroup;
			children = (
				D3CCBEC8297E3FB100BEBC61 /* GroupsView.swift */,
				D30FD7582980DB4400DCEF2A /* GroupView.swift */,
				D30719AE298F678200599551 /* PossibleGroupView.swift */,
			);
			path = WorkflowGroups;
			sourceTree = "<group>";
		};
		D3CCBECA297E43FB00BEBC61 /* Main */ = {
			isa = PBXGroup;
			children = (
				D38AD1D62978F61400168E90 /* ContentView.swift */,
			);
			path = Main;
			sourceTree = "<group>";
		};
		D3CCBECB297E440400BEBC61 /* Errors */ = {
			isa = PBXGroup;
			children = (
				D3983FAE297BA20500668CEB /* NeedsAccessibilityPermissionsView.swift */,
			);
			path = Errors;
			sourceTree = "<group>";
		};
		D3CCBECC297E44B700BEBC61 /* State */ = {
			isa = PBXGroup;
			children = (
				D3983FAA297BA05C00668CEB /* AppState.swift */,
				D3CCBECF297E44DF00BEBC61 /* WorkflowGroupsState.swift */,
				D3B186032985785B00ACFF33 /* StatePersistence.swift */,
				D3B1860529861B7300ACFF33 /* GroupExportImport.swift */,
			);
			path = State;
			sourceTree = "<group>";
		};
/* End PBXGroup section */

/* Begin PBXNativeTarget section */
		D38AD1D02978F61400168E90 /* Streamline */ = {
			isa = PBXNativeTarget;
			buildConfigurationList = D38AD1E02978F61500168E90 /* Build configuration list for PBXNativeTarget "Streamline" */;
			buildPhases = (
				D38AD1CD2978F61400168E90 /* Sources */,
				D38AD1CE2978F61400168E90 /* Frameworks */,
				D38AD1CF2978F61400168E90 /* Resources */,
			);
			buildRules = (
			);
			dependencies = (
			);
			name = Streamline;
			packageProductDependencies = (
				D34246FC298E127700F881F1 /* KeyboardShortcuts */,
			);
			productName = Streamline;
			productReference = D38AD1D12978F61400168E90 /* Streamline.app */;
			productType = "com.apple.product-type.application";
		};
/* End PBXNativeTarget section */

/* Begin PBXProject section */
		D38AD1C92978F61400168E90 /* Project object */ = {
			isa = PBXProject;
			attributes = {
				BuildIndependentTargetsInParallel = 1;
				LastSwiftUpdateCheck = 1410;
				LastUpgradeCheck = 1410;
				TargetAttributes = {
					D38AD1D02978F61400168E90 = {
						CreatedOnToolsVersion = 14.1;
					};
				};
			};
			buildConfigurationList = D38AD1CC2978F61400168E90 /* Build configuration list for PBXProject "Streamline" */;
			compatibilityVersion = "Xcode 14.0";
			developmentRegion = en;
			hasScannedForEncodings = 0;
			knownRegions = (
				en,
				Base,
			);
			mainGroup = D38AD1C82978F61400168E90;
			packageReferences = (
				D34246FB298E127700F881F1 /* XCRemoteSwiftPackageReference "KeyboardShortcuts" */,
			);
			productRefGroup = D38AD1D22978F61400168E90 /* Products */;
			projectDirPath = "";
			projectRoot = "";
			targets = (
				D38AD1D02978F61400168E90 /* Streamline */,
			);
		};
/* End PBXProject section */

/* Begin PBXResourcesBuildPhase section */
		D38AD1CF2978F61400168E90 /* Resources */ = {
			isa = PBXResourcesBuildPhase;
			buildActionMask = 2147483647;
			files = (
				D38AD1DC2978F61500168E90 /* Preview Assets.xcassets in Resources */,
				D3F7079C29823E0100FE2EA8 /* Credits.rtf in Resources */,
				D38AD1D92978F61500168E90 /* Assets.xcassets in Resources */,
			);
			runOnlyForDeploymentPostprocessing = 0;
		};
/* End PBXResourcesBuildPhase section */

/* Begin PBXSourcesBuildPhase section */
		D38AD1CD2978F61400168E90 /* Sources */ = {
			isa = PBXSourcesBuildPhase;
			buildActionMask = 2147483647;
			files = (
				D3CCBEC4297E3BA100BEBC61 /* WorkflowGroup.swift in Sources */,
				D30719AF298F678200599551 /* PossibleGroupView.swift in Sources */,
				D34246FA298E0C5D00F881F1 /* WorkflowsPanelView.swift in Sources */,
				D38AD1E62978FE2500168E90 /* AppDelegate.swift in Sources */,
				D30FD7592980DB4400DCEF2A /* GroupView.swift in Sources */,
				D30FD75C2980EC1000DCEF2A /* WorkflowView.swift in Sources */,
				D3CCBEC9297E3FB100BEBC61 /* GroupsView.swift in Sources */,
				D383677D298633150030029E /* SettingsView.swift in Sources */,
				D3983FB3297BA2C900668CEB /* AppConstants.swift in Sources */,
				D3CCBED0297E44DF00BEBC61 /* WorkflowGroupsState.swift in Sources */,
				D3B186042985785B00ACFF33 /* StatePersistence.swift in Sources */,
				D34246FF298EF33C00F881F1 /* PanelResultsView.swift in Sources */,
				D3CCBEC2297E387600BEBC61 /* PreferencesController.swift in Sources */,
				D34246F8298E0A8600F881F1 /* StreamlinePanel.swift in Sources */,
				D38AD1D72978F61400168E90 /* ContentView.swift in Sources */,
				D3983FB5297BA4F600668CEB /* EventHandler.swift in Sources */,
				D3983FB7297BA88100668CEB /* Workflow.swift in Sources */,
				D3B1860629861B7300ACFF33 /* GroupExportImport.swift in Sources */,
				D3983FAF297BA20500668CEB /* NeedsAccessibilityPermissionsView.swift in Sources */,
				D38AD1D52978F61400168E90 /* StreamlineApp.swift in Sources */,
				D3983FAB297BA05C00668CEB /* AppState.swift in Sources */,
				D3AFB43F298F02160025B6B6 /* PanelResultView.swift in Sources */,
			);
			runOnlyForDeploymentPostprocessing = 0;
		};
/* End PBXSourcesBuildPhase section */

/* Begin XCBuildConfiguration section */
		D38AD1DE2978F61500168E90 /* Debug */ = {
			isa = XCBuildConfiguration;
			buildSettings = {
				ALWAYS_SEARCH_USER_PATHS = NO;
				CLANG_ANALYZER_NONNULL = YES;
				CLANG_ANALYZER_NUMBER_OBJECT_CONVERSION = YES_AGGRESSIVE;
				CLANG_CXX_LANGUAGE_STANDARD = "gnu++20";
				CLANG_ENABLE_MODULES = YES;
				CLANG_ENABLE_OBJC_ARC = YES;
				CLANG_ENABLE_OBJC_WEAK = YES;
				CLANG_WARN_BLOCK_CAPTURE_AUTORELEASING = YES;
				CLANG_WARN_BOOL_CONVERSION = YES;
				CLANG_WARN_COMMA = YES;
				CLANG_WARN_CONSTANT_CONVERSION = YES;
				CLANG_WARN_DEPRECATED_OBJC_IMPLEMENTATIONS = YES;
				CLANG_WARN_DIRECT_OBJC_ISA_USAGE = YES_ERROR;
				CLANG_WARN_DOCUMENTATION_COMMENTS = YES;
				CLANG_WARN_EMPTY_BODY = YES;
				CLANG_WARN_ENUM_CONVERSION = YES;
				CLANG_WARN_INFINITE_RECURSION = YES;
				CLANG_WARN_INT_CONVERSION = YES;
				CLANG_WARN_NON_LITERAL_NULL_CONVERSION = YES;
				CLANG_WARN_OBJC_IMPLICIT_RETAIN_SELF = YES;
				CLANG_WARN_OBJC_LITERAL_CONVERSION = YES;
				CLANG_WARN_OBJC_ROOT_CLASS = YES_ERROR;
				CLANG_WARN_QUOTED_INCLUDE_IN_FRAMEWORK_HEADER = YES;
				CLANG_WARN_RANGE_LOOP_ANALYSIS = YES;
				CLANG_WARN_STRICT_PROTOTYPES = YES;
				CLANG_WARN_SUSPICIOUS_MOVE = YES;
				CLANG_WARN_UNGUARDED_AVAILABILITY = YES_AGGRESSIVE;
				CLANG_WARN_UNREACHABLE_CODE = YES;
				CLANG_WARN__DUPLICATE_METHOD_MATCH = YES;
				COPY_PHASE_STRIP = NO;
				DEBUG_INFORMATION_FORMAT = dwarf;
				ENABLE_STRICT_OBJC_MSGSEND = YES;
				ENABLE_TESTABILITY = YES;
				GCC_C_LANGUAGE_STANDARD = gnu11;
				GCC_DYNAMIC_NO_PIC = NO;
				GCC_NO_COMMON_BLOCKS = YES;
				GCC_OPTIMIZATION_LEVEL = 0;
				GCC_PREPROCESSOR_DEFINITIONS = (
					"DEBUG=1",
					"$(inherited)",
				);
				GCC_WARN_64_TO_32_BIT_CONVERSION = YES;
				GCC_WARN_ABOUT_RETURN_TYPE = YES_ERROR;
				GCC_WARN_UNDECLARED_SELECTOR = YES;
				GCC_WARN_UNINITIALIZED_AUTOS = YES_AGGRESSIVE;
				GCC_WARN_UNUSED_FUNCTION = YES;
				GCC_WARN_UNUSED_VARIABLE = YES;
				MACOSX_DEPLOYMENT_TARGET = 13.0;
				MTL_ENABLE_DEBUG_INFO = INCLUDE_SOURCE;
				MTL_FAST_MATH = YES;
				ONLY_ACTIVE_ARCH = YES;
				SDKROOT = macosx;
				SWIFT_ACTIVE_COMPILATION_CONDITIONS = DEBUG;
				SWIFT_OPTIMIZATION_LEVEL = "-Onone";
			};
			name = Debug;
		};
		D38AD1DF2978F61500168E90 /* Release */ = {
			isa = XCBuildConfiguration;
			buildSettings = {
				ALWAYS_SEARCH_USER_PATHS = NO;
				CLANG_ANALYZER_NONNULL = YES;
				CLANG_ANALYZER_NUMBER_OBJECT_CONVERSION = YES_AGGRESSIVE;
				CLANG_CXX_LANGUAGE_STANDARD = "gnu++20";
				CLANG_ENABLE_MODULES = YES;
				CLANG_ENABLE_OBJC_ARC = YES;
				CLANG_ENABLE_OBJC_WEAK = YES;
				CLANG_WARN_BLOCK_CAPTURE_AUTORELEASING = YES;
				CLANG_WARN_BOOL_CONVERSION = YES;
				CLANG_WARN_COMMA = YES;
				CLANG_WARN_CONSTANT_CONVERSION = YES;
				CLANG_WARN_DEPRECATED_OBJC_IMPLEMENTATIONS = YES;
				CLANG_WARN_DIRECT_OBJC_ISA_USAGE = YES_ERROR;
				CLANG_WARN_DOCUMENTATION_COMMENTS = YES;
				CLANG_WARN_EMPTY_BODY = YES;
				CLANG_WARN_ENUM_CONVERSION = YES;
				CLANG_WARN_INFINITE_RECURSION = YES;
				CLANG_WARN_INT_CONVERSION = YES;
				CLANG_WARN_NON_LITERAL_NULL_CONVERSION = YES;
				CLANG_WARN_OBJC_IMPLICIT_RETAIN_SELF = YES;
				CLANG_WARN_OBJC_LITERAL_CONVERSION = YES;
				CLANG_WARN_OBJC_ROOT_CLASS = YES_ERROR;
				CLANG_WARN_QUOTED_INCLUDE_IN_FRAMEWORK_HEADER = YES;
				CLANG_WARN_RANGE_LOOP_ANALYSIS = YES;
				CLANG_WARN_STRICT_PROTOTYPES = YES;
				CLANG_WARN_SUSPICIOUS_MOVE = YES;
				CLANG_WARN_UNGUARDED_AVAILABILITY = YES_AGGRESSIVE;
				CLANG_WARN_UNREACHABLE_CODE = YES;
				CLANG_WARN__DUPLICATE_METHOD_MATCH = YES;
				COPY_PHASE_STRIP = NO;
				DEBUG_INFORMATION_FORMAT = "dwarf-with-dsym";
				ENABLE_NS_ASSERTIONS = NO;
				ENABLE_STRICT_OBJC_MSGSEND = YES;
				GCC_C_LANGUAGE_STANDARD = gnu11;
				GCC_NO_COMMON_BLOCKS = YES;
				GCC_WARN_64_TO_32_BIT_CONVERSION = YES;
				GCC_WARN_ABOUT_RETURN_TYPE = YES_ERROR;
				GCC_WARN_UNDECLARED_SELECTOR = YES;
				GCC_WARN_UNINITIALIZED_AUTOS = YES_AGGRESSIVE;
				GCC_WARN_UNUSED_FUNCTION = YES;
				GCC_WARN_UNUSED_VARIABLE = YES;
				MACOSX_DEPLOYMENT_TARGET = 13.0;
				MTL_ENABLE_DEBUG_INFO = NO;
				MTL_FAST_MATH = YES;
				SDKROOT = macosx;
				SWIFT_COMPILATION_MODE = wholemodule;
				SWIFT_OPTIMIZATION_LEVEL = "-O";
			};
			name = Release;
		};
		D38AD1E12978F61500168E90 /* Debug */ = {
			isa = XCBuildConfiguration;
			buildSettings = {
				ASSETCATALOG_COMPILER_APPICON_NAME = AppIcon;
				ASSETCATALOG_COMPILER_GLOBAL_ACCENT_COLOR_NAME = AccentColor;
				CODE_SIGN_ENTITLEMENTS = Streamline/Streamline.entitlements;
				"CODE_SIGN_IDENTITY[sdk=macosx*]" = "Apple Development";
				CODE_SIGN_STYLE = Automatic;
				COMBINE_HIDPI_IMAGES = YES;
				CURRENT_PROJECT_VERSION = 1;
				DEVELOPMENT_ASSET_PATHS = "\"Streamline/Preview Content\"";
				DEVELOPMENT_TEAM = 5J7ADUW222;
				ENABLE_HARDENED_RUNTIME = YES;
				ENABLE_PREVIEWS = YES;
				GENERATE_INFOPLIST_FILE = YES;
				INFOPLIST_FILE = Streamline/Info.plist;
				INFOPLIST_KEY_LSApplicationCategoryType = "public.app-category.utilities";
				INFOPLIST_KEY_NSHumanReadableCopyright = "";
				LD_RUNPATH_SEARCH_PATHS = (
					"$(inherited)",
					"@executable_path/../Frameworks",
				);
				MACOSX_DEPLOYMENT_TARGET = 12.0;
				MARKETING_VERSION = 0.3.0;
				PRODUCT_BUNDLE_IDENTIFIER = me.brianyu.Streamline;
				PRODUCT_NAME = "$(TARGET_NAME)";
				SWIFT_EMIT_LOC_STRINGS = YES;
				SWIFT_VERSION = 5.0;
			};
			name = Debug;
		};
		D38AD1E22978F61500168E90 /* Release */ = {
			isa = XCBuildConfiguration;
			buildSettings = {
				ASSETCATALOG_COMPILER_APPICON_NAME = AppIcon;
				ASSETCATALOG_COMPILER_GLOBAL_ACCENT_COLOR_NAME = AccentColor;
				CODE_SIGN_ENTITLEMENTS = Streamline/Streamline.entitlements;
				"CODE_SIGN_IDENTITY[sdk=macosx*]" = "Apple Development";
				CODE_SIGN_STYLE = Automatic;
				COMBINE_HIDPI_IMAGES = YES;
				CURRENT_PROJECT_VERSION = 1;
				DEVELOPMENT_ASSET_PATHS = "\"Streamline/Preview Content\"";
				DEVELOPMENT_TEAM = 5J7ADUW222;
				ENABLE_HARDENED_RUNTIME = YES;
				ENABLE_PREVIEWS = YES;
				GENERATE_INFOPLIST_FILE = YES;
				INFOPLIST_FILE = Streamline/Info.plist;
				INFOPLIST_KEY_LSApplicationCategoryType = "public.app-category.utilities";
				INFOPLIST_KEY_NSHumanReadableCopyright = "";
				LD_RUNPATH_SEARCH_PATHS = (
					"$(inherited)",
					"@executable_path/../Frameworks",
				);
				MACOSX_DEPLOYMENT_TARGET = 12.0;
				MARKETING_VERSION = 0.3.0;
				PRODUCT_BUNDLE_IDENTIFIER = me.brianyu.Streamline;
				PRODUCT_NAME = "$(TARGET_NAME)";
				SWIFT_EMIT_LOC_STRINGS = YES;
				SWIFT_VERSION = 5.0;
			};
			name = Release;
		};
/* End XCBuildConfiguration section */

/* Begin XCConfigurationList section */
		D38AD1CC2978F61400168E90 /* Build configuration list for PBXProject "Streamline" */ = {
			isa = XCConfigurationList;
			buildConfigurations = (
				D38AD1DE2978F61500168E90 /* Debug */,
				D38AD1DF2978F61500168E90 /* Release */,
			);
			defaultConfigurationIsVisible = 0;
			defaultConfigurationName = Release;
		};
		D38AD1E02978F61500168E90 /* Build configuration list for PBXNativeTarget "Streamline" */ = {
			isa = XCConfigurationList;
			buildConfigurations = (
				D38AD1E12978F61500168E90 /* Debug */,
				D38AD1E22978F61500168E90 /* Release */,
			);
			defaultConfigurationIsVisible = 0;
			defaultConfigurationName = Release;
		};
/* End XCConfigurationList section */

/* Begin XCRemoteSwiftPackageReference section */
		D34246FB298E127700F881F1 /* XCRemoteSwiftPackageReference "KeyboardShortcuts" */ = {
			isa = XCRemoteSwiftPackageReference;
			repositoryURL = "https://github.com/sindresorhus/KeyboardShortcuts";
			requirement = {
				kind = exactVersion;
				version = 1.9.3;
			};
		};
/* End XCRemoteSwiftPackageReference section */

/* Begin XCSwiftPackageProductDependency section */
		D34246FC298E127700F881F1 /* KeyboardShortcuts */ = {
			isa = XCSwiftPackageProductDependency;
			package = D34246FB298E127700F881F1 /* XCRemoteSwiftPackageReference "KeyboardShortcuts" */;
			productName = KeyboardShortcuts;
		};
/* End XCSwiftPackageProductDependency section */
	};
	rootObject = D38AD1C92978F61400168E90 /* Project object */;
}
